// !$*UTF8*$!
{
	archiveVersion = 1;
	classes = {
	};
	objectVersion = 50;
	objects = {

/* Begin PBXBuildFile section */
		1417DD882292BF84003D374D /* AppDelegate.swift in Sources */ = {isa = PBXBuildFile; fileRef = 1417DD872292BF84003D374D /* AppDelegate.swift */; };
		1417DD8A2292BF84003D374D /* ViewController.swift in Sources */ = {isa = PBXBuildFile; fileRef = 1417DD892292BF84003D374D /* ViewController.swift */; };
		1417DD8D2292BF84003D374D /* Main.storyboard in Resources */ = {isa = PBXBuildFile; fileRef = 1417DD8B2292BF84003D374D /* Main.storyboard */; };
		1417DD902292BF84003D374D /* Login.xcdatamodeld in Sources */ = {isa = PBXBuildFile; fileRef = 1417DD8E2292BF84003D374D /* Login.xcdatamodeld */; };
		1417DD922292BF85003D374D /* Assets.xcassets in Resources */ = {isa = PBXBuildFile; fileRef = 1417DD912292BF85003D374D /* Assets.xcassets */; };
		1417DD952292BF85003D374D /* LaunchScreen.storyboard in Resources */ = {isa = PBXBuildFile; fileRef = 1417DD932292BF85003D374D /* LaunchScreen.storyboard */; };
		1417DDA02292BF85003D374D /* LoginTests.swift in Sources */ = {isa = PBXBuildFile; fileRef = 1417DD9F2292BF85003D374D /* LoginTests.swift */; };
		1417DDAB2292BF85003D374D /* LoginUITests.swift in Sources */ = {isa = PBXBuildFile; fileRef = 1417DDAA2292BF85003D374D /* LoginUITests.swift */; };
/* End PBXBuildFile section */

/* Begin PBXContainerItemProxy section */
		1417DD9C2292BF85003D374D /* PBXContainerItemProxy */ = {
			isa = PBXContainerItemProxy;
			containerPortal = 1417DD7C2292BF84003D374D /* Project object */;
			proxyType = 1;
			remoteGlobalIDString = 1417DD832292BF84003D374D;
			remoteInfo = Login;
		};
		1417DDA72292BF85003D374D /* PBXContainerItemProxy */ = {
			isa = PBXContainerItemProxy;
			containerPortal = 1417DD7C2292BF84003D374D /* Project object */;
			proxyType = 1;
			remoteGlobalIDString = 1417DD832292BF84003D374D;
			remoteInfo = Login;
		};
/* End PBXContainerItemProxy section */

/* Begin PBXFileReference section */
		1417DD842292BF84003D374D /* Login.app */ = {isa = PBXFileReference; explicitFileType = wrapper.application; includeInIndex = 0; path = Login.app; sourceTree = BUILT_PRODUCTS_DIR; };
		1417DD872292BF84003D374D /* AppDelegate.swift */ = {isa = PBXFileReference; lastKnownFileType = sourcecode.swift; path = AppDelegate.swift; sourceTree = "<group>"; };
		1417DD892292BF84003D374D /* ViewController.swift */ = {isa = PBXFileReference; lastKnownFileType = sourcecode.swift; path = ViewController.swift; sourceTree = "<group>"; };
		1417DD8C2292BF84003D374D /* Base */ = {isa = PBXFileReference; lastKnownFileType = file.storyboard; name = Base; path = Base.lproj/Main.storyboard; sourceTree = "<group>"; };
		1417DD8F2292BF84003D374D /* Login.xcdatamodel */ = {isa = PBXFileReference; lastKnownFileType = wrapper.xcdatamodel; path = Login.xcdatamodel; sourceTree = "<group>"; };
		1417DD912292BF85003D374D /* Assets.xcassets */ = {isa = PBXFileReference; lastKnownFileType = folder.assetcatalog; path = Assets.xcassets; sourceTree = "<group>"; };
		1417DD942292BF85003D374D /* Base */ = {isa = PBXFileReference; lastKnownFileType = file.storyboard; name = Base; path = Base.lproj/LaunchScreen.storyboard; sourceTree = "<group>"; };
		1417DD962292BF85003D374D /* Info.plist */ = {isa = PBXFileReference; lastKnownFileType = text.plist.xml; path = Info.plist; sourceTree = "<group>"; };
		1417DD9B2292BF85003D374D /* LoginTests.xctest */ = {isa = PBXFileReference; explicitFileType = wrapper.cfbundle; includeInIndex = 0; path = LoginTests.xctest; sourceTree = BUILT_PRODUCTS_DIR; };
		1417DD9F2292BF85003D374D /* LoginTests.swift */ = {isa = PBXFileReference; lastKnownFileType = sourcecode.swift; path = LoginTests.swift; sourceTree = "<group>"; };
		1417DDA12292BF85003D374D /* Info.plist */ = {isa = PBXFileReference; lastKnownFileType = text.plist.xml; path = Info.plist; sourceTree = "<group>"; };
		1417DDA62292BF85003D374D /* LoginUITests.xctest */ = {isa = PBXFileReference; explicitFileType = wrapper.cfbundle; includeInIndex = 0; path = LoginUITests.xctest; sourceTree = BUILT_PRODUCTS_DIR; };
		1417DDAA2292BF85003D374D /* LoginUITests.swift */ = {isa = PBXFileReference; lastKnownFileType = sourcecode.swift; path = LoginUITests.swift; sourceTree = "<group>"; };
		1417DDAC2292BF85003D374D /* Info.plist */ = {isa = PBXFileReference; lastKnownFileType = text.plist.xml; path = Info.plist; sourceTree = "<group>"; };
/* End PBXFileReference section */

/* Begin PBXFrameworksBuildPhase section */
		1417DD812292BF84003D374D /* Frameworks */ = {
			isa = PBXFrameworksBuildPhase;
			buildActionMask = 2147483647;
			files = (
			);
			runOnlyForDeploymentPostprocessing = 0;
		};
		1417DD982292BF85003D374D /* Frameworks */ = {
			isa = PBXFrameworksBuildPhase;
			buildActionMask = 2147483647;
			files = (
			);
			runOnlyForDeploymentPostprocessing = 0;
		};
		1417DDA32292BF85003D374D /* Frameworks */ = {
			isa = PBXFrameworksBuildPhase;
			buildActionMask = 2147483647;
			files = (
			);
			runOnlyForDeploymentPostprocessing = 0;
		};
/* End PBXFrameworksBuildPhase section */

/* Begin PBXGroup section */
		1417DD7B2292BF84003D374D = {
			isa = PBXGroup;
			children = (
				1417DD862292BF84003D374D /* Login */,
				1417DD9E2292BF85003D374D /* LoginTests */,
				1417DDA92292BF85003D374D /* LoginUITests */,
				1417DD852292BF84003D374D /* Products */,
			);
			sourceTree = "<group>";
		};
		1417DD852292BF84003D374D /* Products */ = {
			isa = PBXGroup;
			children = (
				1417DD842292BF84003D374D /* Login.app */,
				1417DD9B2292BF85003D374D /* LoginTests.xctest */,
				1417DDA62292BF85003D374D /* LoginUITests.xctest */,
			);
			name = Products;
			sourceTree = "<group>";
		};
		1417DD862292BF84003D374D /* Login */ = {
			isa = PBXGroup;
			children = (
				1417DD872292BF84003D374D /* AppDelegate.swift */,
				1417DD892292BF84003D374D /* ViewController.swift */,
				1417DD8B2292BF84003D374D /* Main.storyboard */,
				1417DD912292BF85003D374D /* Assets.xcassets */,
				1417DD932292BF85003D374D /* LaunchScreen.storyboard */,
				1417DD962292BF85003D374D /* Info.plist */,
				1417DD8E2292BF84003D374D /* Login.xcdatamodeld */,
			);
			path = Login;
			sourceTree = "<group>";
		};
		1417DD9E2292BF85003D374D /* LoginTests */ = {
			isa = PBXGroup;
			children = (
				1417DD9F2292BF85003D374D /* LoginTests.swift */,
				1417DDA12292BF85003D374D /* Info.plist */,
			);
			path = LoginTests;
			sourceTree = "<group>";
		};
		1417DDA92292BF85003D374D /* LoginUITests */ = {
			isa = PBXGroup;
			children = (
				1417DDAA2292BF85003D374D /* LoginUITests.swift */,
				1417DDAC2292BF85003D374D /* Info.plist */,
			);
			path = LoginUITests;
			sourceTree = "<group>";
		};
/* End PBXGroup section */

/* Begin PBXNativeTarget section */
		1417DD832292BF84003D374D /* Login */ = {
			isa = PBXNativeTarget;
			buildConfigurationList = 1417DDAF2292BF85003D374D /* Build configuration list for PBXNativeTarget "Login" */;
			buildPhases = (
				1417DD802292BF84003D374D /* Sources */,
				1417DD812292BF84003D374D /* Frameworks */,
				1417DD822292BF84003D374D /* Resources */,
			);
			buildRules = (
			);
			dependencies = (
			);
			name = Login;
			productName = Login;
			productReference = 1417DD842292BF84003D374D /* Login.app */;
			productType = "com.apple.product-type.application";
		};
		1417DD9A2292BF85003D374D /* LoginTests */ = {
			isa = PBXNativeTarget;
			buildConfigurationList = 1417DDB22292BF85003D374D /* Build configuration list for PBXNativeTarget "LoginTests" */;
			buildPhases = (
				1417DD972292BF85003D374D /* Sources */,
				1417DD982292BF85003D374D /* Frameworks */,
				1417DD992292BF85003D374D /* Resources */,
			);
			buildRules = (
			);
			dependencies = (
				1417DD9D2292BF85003D374D /* PBXTargetDependency */,
			);
			name = LoginTests;
			productName = LoginTests;
			productReference = 1417DD9B2292BF85003D374D /* LoginTests.xctest */;
			productType = "com.apple.product-type.bundle.unit-test";
		};
		1417DDA52292BF85003D374D /* LoginUITests */ = {
			isa = PBXNativeTarget;
			buildConfigurationList = 1417DDB52292BF85003D374D /* Build configuration list for PBXNativeTarget "LoginUITests" */;
			buildPhases = (
				1417DDA22292BF85003D374D /* Sources */,
				1417DDA32292BF85003D374D /* Frameworks */,
				1417DDA42292BF85003D374D /* Resources */,
			);
			buildRules = (
			);
			dependencies = (
				1417DDA82292BF85003D374D /* PBXTargetDependency */,
			);
			name = LoginUITests;
			productName = LoginUITests;
			productReference = 1417DDA62292BF85003D374D /* LoginUITests.xctest */;
			productType = "com.apple.product-type.bundle.ui-testing";
		};
/* End PBXNativeTarget section */

/* Begin PBXProject section */
		1417DD7C2292BF84003D374D /* Project object */ = {
			isa = PBXProject;
			attributes = {
				LastSwiftUpdateCheck = 1010;
				LastUpgradeCheck = 1010;
				ORGANIZATIONNAME = "Jorge Pinedo";
				TargetAttributes = {
					1417DD832292BF84003D374D = {
						CreatedOnToolsVersion = 10.1;
					};
					1417DD9A2292BF85003D374D = {
						CreatedOnToolsVersion = 10.1;
						TestTargetID = 1417DD832292BF84003D374D;
					};
					1417DDA52292BF85003D374D = {
						CreatedOnToolsVersion = 10.1;
						TestTargetID = 1417DD832292BF84003D374D;
					};
				};
			};
			buildConfigurationList = 1417DD7F2292BF84003D374D /* Build configuration list for PBXProject "Login" */;
			compatibilityVersion = "Xcode 9.3";
			developmentRegion = en;
			hasScannedForEncodings = 0;
			knownRegions = (
				en,
				Base,
			);
			mainGroup = 1417DD7B2292BF84003D374D;
			productRefGroup = 1417DD852292BF84003D374D /* Products */;
			projectDirPath = "";
			projectRoot = "";
			targets = (
				1417DD832292BF84003D374D /* Login */,
				1417DD9A2292BF85003D374D /* LoginTests */,
				1417DDA52292BF85003D374D /* LoginUITests */,
			);
		};
/* End PBXProject section */

/* Begin PBXResourcesBuildPhase section */
		1417DD822292BF84003D374D /* Resources */ = {
			isa = PBXResourcesBuildPhase;
			buildActionMask = 2147483647;
			files = (
				1417DD952292BF85003D374D /* LaunchScreen.storyboard in Resources */,
				1417DD922292BF85003D374D /* Assets.xcassets in Resources */,
				1417DD8D2292BF84003D374D /* Main.storyboard in Resources */,
			);
			runOnlyForDeploymentPostprocessing = 0;
		};
		1417DD992292BF85003D374D /* Resources */ = {
			isa = PBXResourcesBuildPhase;
			buildActionMask = 2147483647;
			files = (
			);
			runOnlyForDeploymentPostprocessing = 0;
		};
		1417DDA42292BF85003D374D /* Resources */ = {
			isa = PBXResourcesBuildPhase;
			buildActionMask = 2147483647;
			files = (
			);
			runOnlyForDeploymentPostprocessing = 0;
		};
/* End PBXResourcesBuildPhase section */

/* Begin PBXSourcesBuildPhase section */
		1417DD802292BF84003D374D /* Sources */ = {
			isa = PBXSourcesBuildPhase;
			buildActionMask = 2147483647;
			files = (
				1417DD8A2292BF84003D374D /* ViewController.swift in Sources */,
				1417DD882292BF84003D374D /* AppDelegate.swift in Sources */,
				1417DD902292BF84003D374D /* Login.xcdatamodeld in Sources */,
			);
			runOnlyForDeploymentPostprocessing = 0;
		};
		1417DD972292BF85003D374D /* Sources */ = {
			isa = PBXSourcesBuildPhase;
			buildActionMask = 2147483647;
			files = (
				1417DDA02292BF85003D374D /* LoginTests.swift in Sources */,
			);
			runOnlyForDeploymentPostprocessing = 0;
		};
		1417DDA22292BF85003D374D /* Sources */ = {
			isa = PBXSourcesBuildPhase;
			buildActionMask = 2147483647;
			files = (
				1417DDAB2292BF85003D374D /* LoginUITests.swift in Sources */,
			);
			runOnlyForDeploymentPostprocessing = 0;
		};
/* End PBXSourcesBuildPhase section */

/* Begin PBXTargetDependency section */
		1417DD9D2292BF85003D374D /* PBXTargetDependency */ = {
			isa = PBXTargetDependency;
			target = 1417DD832292BF84003D374D /* Login */;
			targetProxy = 1417DD9C2292BF85003D374D /* PBXContainerItemProxy */;
		};
		1417DDA82292BF85003D374D /* PBXTargetDependency */ = {
			isa = PBXTargetDependency;
			target = 1417DD832292BF84003D374D /* Login */;
			targetProxy = 1417DDA72292BF85003D374D /* PBXContainerItemProxy */;
		};
/* End PBXTargetDependency section */

/* Begin PBXVariantGroup section */
		1417DD8B2292BF84003D374D /* Main.storyboard */ = {
			isa = PBXVariantGroup;
			children = (
				1417DD8C2292BF84003D374D /* Base */,
			);
			name = Main.storyboard;
			sourceTree = "<group>";
		};
		1417DD932292BF85003D374D /* LaunchScreen.storyboard */ = {
			isa = PBXVariantGroup;
			children = (
				1417DD942292BF85003D374D /* Base */,
			);
			name = LaunchScreen.storyboard;
			sourceTree = "<group>";
		};
/* End PBXVariantGroup section */

/* Begin XCBuildConfiguration section */
		1417DDAD2292BF85003D374D /* Debug */ = {
			isa = XCBuildConfiguration;
			buildSettings = {
				ALWAYS_SEARCH_USER_PATHS = NO;
				CLANG_ANALYZER_NONNULL = YES;
				CLANG_ANALYZER_NUMBER_OBJECT_CONVERSION = YES_AGGRESSIVE;
				CLANG_CXX_LANGUAGE_STANDARD = "gnu++14";
				CLANG_CXX_LIBRARY = "libc++";
				CLANG_ENABLE_MODULES = YES;
				CLANG_ENABLE_OBJC_ARC = YES;
				CLANG_ENABLE_OBJC_WEAK = YES;
				CLANG_WARN_BLOCK_CAPTURE_AUTORELEASING = YES;
				CLANG_WARN_BOOL_CONVERSION = YES;
				CLANG_WARN_COMMA = YES;
				CLANG_WARN_CONSTANT_CONVERSION = YES;
				CLANG_WARN_DEPRECATED_OBJC_IMPLEMENTATIONS = YES;
				CLANG_WARN_DIRECT_OBJC_ISA_USAGE = YES_ERROR;
				CLANG_WARN_DOCUMENTATION_COMMENTS = YES;
				CLANG_WARN_EMPTY_BODY = YES;
				CLANG_WARN_ENUM_CONVERSION = YES;
				CLANG_WARN_INFINITE_RECURSION = YES;
				CLANG_WARN_INT_CONVERSION = YES;
				CLANG_WARN_NON_LITERAL_NULL_CONVERSION = YES;
				CLANG_WARN_OBJC_IMPLICIT_RETAIN_SELF = YES;
				CLANG_WARN_OBJC_LITERAL_CONVERSION = YES;
				CLANG_WARN_OBJC_ROOT_CLASS = YES_ERROR;
				CLANG_WARN_RANGE_LOOP_ANALYSIS = YES;
				CLANG_WARN_STRICT_PROTOTYPES = YES;
				CLANG_WARN_SUSPICIOUS_MOVE = YES;
				CLANG_WARN_UNGUARDED_AVAILABILITY = YES_AGGRESSIVE;
				CLANG_WARN_UNREACHABLE_CODE = YES;
				CLANG_WARN__DUPLICATE_METHOD_MATCH = YES;
				CODE_SIGN_IDENTITY = "iPhone Developer";
				COPY_PHASE_STRIP = NO;
				DEBUG_INFORMATION_FORMAT = dwarf;
				ENABLE_STRICT_OBJC_MSGSEND = YES;
				ENABLE_TESTABILITY = YES;
				GCC_C_LANGUAGE_STANDARD = gnu11;
				GCC_DYNAMIC_NO_PIC = NO;
				GCC_NO_COMMON_BLOCKS = YES;
				GCC_OPTIMIZATION_LEVEL = 0;
				GCC_PREPROCESSOR_DEFINITIONS = (
					"DEBUG=1",
					"$(inherited)",
				);
				GCC_WARN_64_TO_32_BIT_CONVERSION = YES;
				GCC_WARN_ABOUT_RETURN_TYPE = YES_ERROR;
				GCC_WARN_UNDECLARED_SELECTOR = YES;
				GCC_WARN_UNINITIALIZED_AUTOS = YES_AGGRESSIVE;
				GCC_WARN_UNUSED_FUNCTION = YES;
				GCC_WARN_UNUSED_VARIABLE = YES;
				IPHONEOS_DEPLOYMENT_TARGET = 12.1;
				MTL_ENABLE_DEBUG_INFO = INCLUDE_SOURCE;
				MTL_FAST_MATH = YES;
				ONLY_ACTIVE_ARCH = YES;
				SDKROOT = iphoneos;
				SWIFT_ACTIVE_COMPILATION_CONDITIONS = DEBUG;
				SWIFT_OPTIMIZATION_LEVEL = "-Onone";
			};
			name = Debug;
		};
		1417DDAE2292BF85003D374D /* Release */ = {
			isa = XCBuildConfiguration;
			buildSettings = {
				ALWAYS_SEARCH_USER_PATHS = NO;
				CLANG_ANALYZER_NONNULL = YES;
				CLANG_ANALYZER_NUMBER_OBJECT_CONVERSION = YES_AGGRESSIVE;
				CLANG_CXX_LANGUAGE_STANDARD = "gnu++14";
				CLANG_CXX_LIBRARY = "libc++";
				CLANG_ENABLE_MODULES = YES;
				CLANG_ENABLE_OBJC_ARC = YES;
				CLANG_ENABLE_OBJC_WEAK = YES;
				CLANG_WARN_BLOCK_CAPTURE_AUTORELEASING = YES;
				CLANG_WARN_BOOL_CONVERSION = YES;
				CLANG_WARN_COMMA = YES;
				CLANG_WARN_CONSTANT_CONVERSION = YES;
				CLANG_WARN_DEPRECATED_OBJC_IMPLEMENTATIONS = YES;
				CLANG_WARN_DIRECT_OBJC_ISA_USAGE = YES_ERROR;
				CLANG_WARN_DOCUMENTATION_COMMENTS = YES;
				CLANG_WARN_EMPTY_BODY = YES;
				CLANG_WARN_ENUM_CONVERSION = YES;
				CLANG_WARN_INFINITE_RECURSION = YES;
				CLANG_WARN_INT_CONVERSION = YES;
				CLANG_WARN_NON_LITERAL_NULL_CONVERSION = YES;
				CLANG_WARN_OBJC_IMPLICIT_RETAIN_SELF = YES;
				CLANG_WARN_OBJC_LITERAL_CONVERSION = YES;
				CLANG_WARN_OBJC_ROOT_CLASS = YES_ERROR;
				CLANG_WARN_RANGE_LOOP_ANALYSIS = YES;
				CLANG_WARN_STRICT_PROTOTYPES = YES;
				CLANG_WARN_SUSPICIOUS_MOVE = YES;
				CLANG_WARN_UNGUARDED_AVAILABILITY = YES_AGGRESSIVE;
				CLANG_WARN_UNREACHABLE_CODE = YES;
				CLANG_WARN__DUPLICATE_METHOD_MATCH = YES;
				CODE_SIGN_IDENTITY = "iPhone Developer";
				COPY_PHASE_STRIP = NO;
				DEBUG_INFORMATION_FORMAT = "dwarf-with-dsym";
				ENABLE_NS_ASSERTIONS = NO;
				ENABLE_STRICT_OBJC_MSGSEND = YES;
				GCC_C_LANGUAGE_STANDARD = gnu11;
				GCC_NO_COMMON_BLOCKS = YES;
				GCC_WARN_64_TO_32_BIT_CONVERSION = YES;
				GCC_WARN_ABOUT_RETURN_TYPE = YES_ERROR;
				GCC_WARN_UNDECLARED_SELECTOR = YES;
				GCC_WARN_UNINITIALIZED_AUTOS = YES_AGGRESSIVE;
				GCC_WARN_UNUSED_FUNCTION = YES;
				GCC_WARN_UNUSED_VARIABLE = YES;
				IPHONEOS_DEPLOYMENT_TARGET = 12.1;
				MTL_ENABLE_DEBUG_INFO = NO;
				MTL_FAST_MATH = YES;
				SDKROOT = iphoneos;
				SWIFT_COMPILATION_MODE = wholemodule;
				SWIFT_OPTIMIZATION_LEVEL = "-O";
				VALIDATE_PRODUCT = YES;
			};
			name = Release;
		};
		1417DDB02292BF85003D374D /* Debug */ = {
			isa = XCBuildConfiguration;
			buildSettings = {
				ASSETCATALOG_COMPILER_APPICON_NAME = AppIcon;
				CODE_SIGN_STYLE = Automatic;
				INFOPLIST_FILE = Login/Info.plist;
				LD_RUNPATH_SEARCH_PATHS = (
					"$(inherited)",
					"@executable_path/Frameworks",
				);
				PRODUCT_BUNDLE_IDENTIFIER = com.jorgepinedo.Login;
				PRODUCT_NAME = "$(TARGET_NAME)";
				SWIFT_VERSION = 4.2;
				TARGETED_DEVICE_FAMILY = "1,2";
			};
			name = Debug;
		};
		1417DDB12292BF85003D374D /* Release */ = {
			isa = XCBuildConfiguration;
			buildSettings = {
				ASSETCATALOG_COMPILER_APPICON_NAME = AppIcon;
				CODE_SIGN_STYLE = Automatic;
				INFOPLIST_FILE = Login/Info.plist;
				LD_RUNPATH_SEARCH_PATHS = (
					"$(inherited)",
					"@executable_path/Frameworks",
				);
				PRODUCT_BUNDLE_IDENTIFIER = com.jorgepinedo.Login;
				PRODUCT_NAME = "$(TARGET_NAME)";
				SWIFT_VERSION = 4.2;
				TARGETED_DEVICE_FAMILY = "1,2";
			};
			name = Release;
		};
		1417DDB32292BF85003D374D /* Debug */ = {
			isa = XCBuildConfiguration;
			buildSettings = {
				ALWAYS_EMBED_SWIFT_STANDARD_LIBRARIES = YES;
				BUNDLE_LOADER = "$(TEST_HOST)";
				CODE_SIGN_STYLE = Automatic;
				INFOPLIST_FILE = LoginTests/Info.plist;
				LD_RUNPATH_SEARCH_PATHS = (
					"$(inherited)",
					"@executable_path/Frameworks",
					"@loader_path/Frameworks",
				);
				PRODUCT_BUNDLE_IDENTIFIER = com.jorgepinedo.LoginTests;
				PRODUCT_NAME = "$(TARGET_NAME)";
				SWIFT_VERSION = 4.2;
				TARGETED_DEVICE_FAMILY = "1,2";
				TEST_HOST = "$(BUILT_PRODUCTS_DIR)/Login.app/Login";
			};
			name = Debug;
		};
		1417DDB42292BF85003D374D /* Release */ = {
			isa = XCBuildConfiguration;
			buildSettings = {
				ALWAYS_EMBED_SWIFT_STANDARD_LIBRARIES = YES;
				BUNDLE_LOADER = "$(TEST_HOST)";
				CODE_SIGN_STYLE = Automatic;
				INFOPLIST_FILE = LoginTests/Info.plist;
				LD_RUNPATH_SEARCH_PATHS = (
					"$(inherited)",
					"@executable_path/Frameworks",
					"@loader_path/Frameworks",
				);
				PRODUCT_BUNDLE_IDENTIFIER = com.jorgepinedo.LoginTests;
				PRODUCT_NAME = "$(TARGET_NAME)";
				SWIFT_VERSION = 4.2;
				TARGETED_DEVICE_FAMILY = "1,2";
				TEST_HOST = "$(BUILT_PRODUCTS_DIR)/Login.app/Login";
			};
			name = Release;
		};
		1417DDB62292BF85003D374D /* Debug */ = {
			isa = XCBuildConfiguration;
			buildSettings = {
				ALWAYS_EMBED_SWIFT_STANDARD_LIBRARIES = YES;
				CODE_SIGN_STYLE = Automatic;
				INFOPLIST_FILE = LoginUITests/Info.plist;
				LD_RUNPATH_SEARCH_PATHS = (
					"$(inherited)",
					"@executable_path/Frameworks",
					"@loader_path/Frameworks",
				);
				PRODUCT_BUNDLE_IDENTIFIER = com.jorgepinedo.LoginUITests;
				PRODUCT_NAME = "$(TARGET_NAME)";
				SWIFT_VERSION = 4.2;
				TARGETED_DEVICE_FAMILY = "1,2";
				TEST_TARGET_NAME = Login;
			};
			name = Debug;
		};
		1417DDB72292BF85003D374D /* Release */ = {
			isa = XCBuildConfiguration;
			buildSettings = {
				ALWAYS_EMBED_SWIFT_STANDARD_LIBRARIES = YES;
				CODE_SIGN_STYLE = Automatic;
				INFOPLIST_FILE = LoginUITests/Info.plist;
				LD_RUNPATH_SEARCH_PATHS = (
					"$(inherited)",
					"@executable_path/Frameworks",
					"@loader_path/Frameworks",
				);
				PRODUCT_BUNDLE_IDENTIFIER = com.jorgepinedo.LoginUITests;
				PRODUCT_NAME = "$(TARGET_NAME)";
				SWIFT_VERSION = 4.2;
				TARGETED_DEVICE_FAMILY = "1,2";
				TEST_TARGET_NAME = Login;
			};
			name = Release;
		};
/* End XCBuildConfiguration section */

/* Begin XCConfigurationList section */
		1417DD7F2292BF84003D374D /* Build configuration list for PBXProject "Login" */ = {
			isa = XCConfigurationList;
			buildConfigurations = (
				1417DDAD2292BF85003D374D /* Debug */,
				1417DDAE2292BF85003D374D /* Release */,
			);
			defaultConfigurationIsVisible = 0;
			defaultConfigurationName = Release;
		};
		1417DDAF2292BF85003D374D /* Build configuration list for PBXNativeTarget "Login" */ = {
			isa = XCConfigurationList;
			buildConfigurations = (
				1417DDB02292BF85003D374D /* Debug */,
				1417DDB12292BF85003D374D /* Release */,
			);
			defaultConfigurationIsVisible = 0;
			defaultConfigurationName = Release;
		};
		1417DDB22292BF85003D374D /* Build configuration list for PBXNativeTarget "LoginTests" */ = {
			isa = XCConfigurationList;
			buildConfigurations = (
				1417DDB32292BF85003D374D /* Debug */,
				1417DDB42292BF85003D374D /* Release */,
			);
			defaultConfigurationIsVisible = 0;
			defaultConfigurationName = Release;
		};
		1417DDB52292BF85003D374D /* Build configuration list for PBXNativeTarget "LoginUITests" */ = {
			isa = XCConfigurationList;
			buildConfigurations = (
				1417DDB62292BF85003D374D /* Debug */,
				1417DDB72292BF85003D374D /* Release */,
			);
			defaultConfigurationIsVisible = 0;
			defaultConfigurationName = Release;
		};
/* End XCConfigurationList section */

/* Begin XCVersionGroup section */
		1417DD8E2292BF84003D374D /* Login.xcdatamodeld */ = {
			isa = XCVersionGroup;
			children = (
				1417DD8F2292BF84003D374D /* Login.xcdatamodel */,
			);
			currentVersion = 1417DD8F2292BF84003D374D /* Login.xcdatamodel */;
			path = Login.xcdatamodeld;
			sourceTree = "<group>";
			versionGroupType = wrapper.xcdatamodel;
		};
/* End XCVersionGroup section */
	};
	rootObject = 1417DD7C2292BF84003D374D /* Project object */;
}
